{
  "name": "openLayers",
  "lockfileVersion": 2,
  "requires": true,
  "packages": {
    "": {
      "dependencies": {
        "kompas": "^0.0.1"
      }
    },
    "node_modules/component-emitter": {
      "version": "1.3.0",
      "resolved": "https://registry.npmjs.org/component-emitter/-/component-emitter-1.3.0.tgz",
      "integrity": "sha512-Rd3se6QB+sO1TwqZjscQrurpEPIfO0/yYnSin6Q/rD3mOutHvUrCAhJub3r90uNb+SESBuE0QYoB90YdfatsRg=="
    },
    "node_modules/kompas": {
      "version": "0.0.1",
      "resolved": "https://registry.npmjs.org/kompas/-/kompas-0.0.1.tgz",
      "integrity": "sha512-TujbrM6fpLF4gf/Q3+cJGFtaeHJSy6o6GjCc1kYJiwdQtJcT+Mg+pmzWZMVthffz1n3CD0zTX7l2yaed1gnRcQ==",
      "dependencies": {
        "component-emitter": "^1.2.1"
      }
    }
  },
  "dependencies": {
    "component-emitter": {
      "version": "1.3.0",
      "resolved": "https://registry.npmjs.org/component-emitter/-/component-emitter-1.3.0.tgz",
      "integrity": "sha512-Rd3se6QB+sO1TwqZjscQrurpEPIfO0/yYnSin6Q/rD3mOutHvUrCAhJub3r90uNb+SESBuE0QYoB90YdfatsRg=="
    },
    "kompas": {
      "version": "0.0.1",
      "resolved": "https://registry.npmjs.org/kompas/-/kompas-0.0.1.tgz",
      "integrity": "sha512-TujbrM6fpLF4gf/Q3+cJGFtaeHJSy6o6GjCc1kYJiwdQtJcT+Mg+pmzWZMVthffz1n3CD0zTX7l2yaed1gnRcQ==",
      "requires": {
        "component-emitter": "^1.2.1"
      }
    }
  }
}
